
Microsoft Visual Studio Solution File, Format Version 12.00
# Visual Studio Version 16
VisualStudioVersion = 16.0.29613.14
MinimumVisualStudioVersion = 10.0.40219.1
Project("{FAE04EC0-301F-11D3-BF4B-00C04F79EFBC}") = "SampleLib", "SampleLib\SampleLib.csproj", "{66BC33CA-65A9-4CB0-B3C6-8645DAD3B8F9}"
EndProject
Project("{FAE04EC0-301F-11D3-BF4B-00C04F79EFBC}") = "MainConsole", "..\Console\MainConsole\MainConsole.csproj", "{550B7D49-4C5C-4A25-A6F8-7305D579FFDE}"
EndProject
Global
	GlobalSection(SolutionConfigurationPlatforms) = preSolution
		Debug|Any CPU = Debug|Any CPU
		Release|Any CPU = Release|Any CPU
	EndGlobalSection
	GlobalSection(ProjectConfigurationPlatforms) = postSolution
		{66BC33CA-65A9-4CB0-B3C6-8645DAD3B8F9}.Debug|Any CPU.ActiveCfg = Debug|Any CPU
		{66BC33CA-65A9-4CB0-B3C6-8645DAD3B8F9}.Debug|Any CPU.Build.0 = Debug|Any CPU
		{66BC33CA-65A9-4CB0-B3C6-8645DAD3B8F9}.Release|Any CPU.ActiveCfg = Release|Any CPU
		{66BC33CA-65A9-4CB0-B3C6-8645DAD3B8F9}.Release|Any CPU.Build.0 = Release|Any CPU
		{550B7D49-4C5C-4A25-A6F8-7305D579FFDE}.Debug|Any CPU.ActiveCfg = Debug|Any CPU
		{550B7D49-4C5C-4A25-A6F8-7305D579FFDE}.Debug|Any CPU.Build.0 = Debug|Any CPU
		{550B7D49-4C5C-4A25-A6F8-7305D579FFDE}.Release|Any CPU.ActiveCfg = Release|Any CPU
		{550B7D49-4C5C-4A25-A6F8-7305D579FFDE}.Release|Any CPU.Build.0 = Release|Any CPU
	EndGlobalSection
	GlobalSection(SolutionProperties) = preSolution
		HideSolutionNode = FALSE
	EndGlobalSection
	GlobalSection(ExtensibilityGlobals) = postSolution
		SolutionGuid = {319917CD-968A-41E5-94A4-8220C3FF609C}
	EndGlobalSection
EndGlobal
